
Microsoft Visual Studio Solution File, Format Version 12.00
# Visual Studio Version 16
VisualStudioVersion = 16.0.30611.23
MinimumVisualStudioVersion = 10.0.40219.1
Project("{FAE04EC0-301F-11D3-BF4B-00C04F79EFBC}") = "Trial_Seguros", "Trial_Seguros.csproj", "{9464632B-BBEB-4494-9CC5-B4AFCAB086EC}"
EndProject
Global
	GlobalSection(SolutionConfigurationPlatforms) = preSolution
		Debug|Any CPU = Debug|Any CPU
		Release|Any CPU = Release|Any CPU
	EndGlobalSection
	GlobalSection(ProjectConfigurationPlatforms) = postSolution
		{9464632B-BBEB-4494-9CC5-B4AFCAB086EC}.Debug|Any CPU.ActiveCfg = Debug|Any CPU
		{9464632B-BBEB-4494-9CC5-B4AFCAB086EC}.Debug|Any CPU.Build.0 = Debug|Any CPU
		{9464632B-BBEB-4494-9CC5-B4AFCAB086EC}.Release|Any CPU.ActiveCfg = Release|Any CPU
		{9464632B-BBEB-4494-9CC5-B4AFCAB086EC}.Release|Any CPU.Build.0 = Release|Any CPU
	EndGlobalSection
	GlobalSection(SolutionProperties) = preSolution
		HideSolutionNode = FALSE
	EndGlobalSection
	GlobalSection(ExtensibilityGlobals) = postSolution
		SolutionGuid = {6D4D8A18-8DB9-4CFC-971F-56236F1BE611}
	EndGlobalSection
EndGlobal
