
Microsoft Visual Studio Solution File, Format Version 12.00
# Visual Studio Version 16
VisualStudioVersion = 16.0.30611.23
MinimumVisualStudioVersion = 10.0.40219.1
Project("{FAE04EC0-301F-11D3-BF4B-00C04F79EFBC}") = "Wupdae", "Wupdae.csproj", "{91056E8A-5368-40D6-8494-A18B636D8F52}"
EndProject
Global
	GlobalSection(SolutionConfigurationPlatforms) = preSolution
		Debug|Any CPU = Debug|Any CPU
		Release|Any CPU = Release|Any CPU
	EndGlobalSection
	GlobalSection(ProjectConfigurationPlatforms) = postSolution
		{91056E8A-5368-40D6-8494-A18B636D8F52}.Debug|Any CPU.ActiveCfg = Debug|Any CPU
		{91056E8A-5368-40D6-8494-A18B636D8F52}.Debug|Any CPU.Build.0 = Debug|Any CPU
		{91056E8A-5368-40D6-8494-A18B636D8F52}.Release|Any CPU.ActiveCfg = Release|Any CPU
		{91056E8A-5368-40D6-8494-A18B636D8F52}.Release|Any CPU.Build.0 = Release|Any CPU
	EndGlobalSection
	GlobalSection(SolutionProperties) = preSolution
		HideSolutionNode = FALSE
	EndGlobalSection
	GlobalSection(ExtensibilityGlobals) = postSolution
		SolutionGuid = {044E6A0C-59E7-4468-AB07-E7A498343427}
	EndGlobalSection
EndGlobal
